
Microsoft Visual Studio Solution File, Format Version 12.00
# Visual Studio Version 16
VisualStudioVersion = 16.0.31729.503
MinimumVisualStudioVersion = 10.0.40219.1
Project("{2150E333-8FDC-42A3-9474-1A3956D46DE8}") = "1.SRP", "1.SRP", "{23859417-D1E4-4275-AAC4-58E0CCEFD9E5}"
EndProject
Project("{2150E333-8FDC-42A3-9474-1A3956D46DE8}") = "2.OCP", "2.OCP", "{8D69E17D-5700-4203-A0DB-7630EF99BF1E}"
EndProject
Project("{2150E333-8FDC-42A3-9474-1A3956D46DE8}") = "3.LSP", "3.LSP", "{31AB0D8C-712C-4F90-A445-A44F3108F5C3}"
EndProject
Project("{2150E333-8FDC-42A3-9474-1A3956D46DE8}") = "4.ISP", "4.ISP", "{5CD2D016-E394-43F5-9A3A-72FCBCB7977A}"
EndProject
Project("{2150E333-8FDC-42A3-9474-1A3956D46DE8}") = "5.DIP", "5.DIP", "{A4D9CFDA-F3FC-4E75-8C0C-5099404C3AE3}"
EndProject
Project("{9A19103F-16F7-4668-BE54-9A1E7A4F7556}") = "Solid.SRP", "Solid.SRP\Solid.SRP.csproj", "{374BAAE8-4959-4021-97F5-7981CDEF3277}"
EndProject
Project("{9A19103F-16F7-4668-BE54-9A1E7A4F7556}") = "Solid.SRP.Library", "Solid.SRP.Library\Solid.SRP.Library.csproj", "{3DAB483D-74CD-4DEC-BBD7-3EF29DC7B3D7}"
EndProject
Project("{9A19103F-16F7-4668-BE54-9A1E7A4F7556}") = "Solid.OCP", "Solid.OCP\Solid.OCP.csproj", "{A7016020-0650-4546-A8B9-C60465A0D6B5}"
EndProject
Project("{9A19103F-16F7-4668-BE54-9A1E7A4F7556}") = "Solid.OCP.Library", "Solid.OCP.Library\Solid.OCP.Library.csproj", "{B51BC795-7B1E-42EC-8DA1-79B74058172B}"
EndProject
Project("{FAE04EC0-301F-11D3-BF4B-00C04F79EFBC}") = "Solid.ISP.Library", "Solid.ISP.Library\Solid.ISP.Library.csproj", "{5C24CB5C-B911-4DB9-B053-43EF43E4B802}"
EndProject
Project("{FAE04EC0-301F-11D3-BF4B-00C04F79EFBC}") = "Solid.ISP", "Solid.ISP\Solid.ISP.csproj", "{AC553BD0-8609-48D5-8B40-75DB9E7FECC6}"
EndProject
Global
	GlobalSection(SolutionConfigurationPlatforms) = preSolution
		Debug|Any CPU = Debug|Any CPU
		Release|Any CPU = Release|Any CPU
	EndGlobalSection
	GlobalSection(ProjectConfigurationPlatforms) = postSolution
		{374BAAE8-4959-4021-97F5-7981CDEF3277}.Debug|Any CPU.ActiveCfg = Debug|Any CPU
		{374BAAE8-4959-4021-97F5-7981CDEF3277}.Debug|Any CPU.Build.0 = Debug|Any CPU
		{374BAAE8-4959-4021-97F5-7981CDEF3277}.Release|Any CPU.ActiveCfg = Release|Any CPU
		{374BAAE8-4959-4021-97F5-7981CDEF3277}.Release|Any CPU.Build.0 = Release|Any CPU
		{3DAB483D-74CD-4DEC-BBD7-3EF29DC7B3D7}.Debug|Any CPU.ActiveCfg = Debug|Any CPU
		{3DAB483D-74CD-4DEC-BBD7-3EF29DC7B3D7}.Debug|Any CPU.Build.0 = Debug|Any CPU
		{3DAB483D-74CD-4DEC-BBD7-3EF29DC7B3D7}.Release|Any CPU.ActiveCfg = Release|Any CPU
		{3DAB483D-74CD-4DEC-BBD7-3EF29DC7B3D7}.Release|Any CPU.Build.0 = Release|Any CPU
		{A7016020-0650-4546-A8B9-C60465A0D6B5}.Debug|Any CPU.ActiveCfg = Debug|Any CPU
		{A7016020-0650-4546-A8B9-C60465A0D6B5}.Debug|Any CPU.Build.0 = Debug|Any CPU
		{A7016020-0650-4546-A8B9-C60465A0D6B5}.Release|Any CPU.ActiveCfg = Release|Any CPU
		{A7016020-0650-4546-A8B9-C60465A0D6B5}.Release|Any CPU.Build.0 = Release|Any CPU
		{B51BC795-7B1E-42EC-8DA1-79B74058172B}.Debug|Any CPU.ActiveCfg = Debug|Any CPU
		{B51BC795-7B1E-42EC-8DA1-79B74058172B}.Debug|Any CPU.Build.0 = Debug|Any CPU
		{B51BC795-7B1E-42EC-8DA1-79B74058172B}.Release|Any CPU.ActiveCfg = Release|Any CPU
		{B51BC795-7B1E-42EC-8DA1-79B74058172B}.Release|Any CPU.Build.0 = Release|Any CPU
		{5C24CB5C-B911-4DB9-B053-43EF43E4B802}.Debug|Any CPU.ActiveCfg = Debug|Any CPU
		{5C24CB5C-B911-4DB9-B053-43EF43E4B802}.Debug|Any CPU.Build.0 = Debug|Any CPU
		{5C24CB5C-B911-4DB9-B053-43EF43E4B802}.Release|Any CPU.ActiveCfg = Release|Any CPU
		{5C24CB5C-B911-4DB9-B053-43EF43E4B802}.Release|Any CPU.Build.0 = Release|Any CPU
		{AC553BD0-8609-48D5-8B40-75DB9E7FECC6}.Debug|Any CPU.ActiveCfg = Debug|Any CPU
		{AC553BD0-8609-48D5-8B40-75DB9E7FECC6}.Debug|Any CPU.Build.0 = Debug|Any CPU
		{AC553BD0-8609-48D5-8B40-75DB9E7FECC6}.Release|Any CPU.ActiveCfg = Release|Any CPU
		{AC553BD0-8609-48D5-8B40-75DB9E7FECC6}.Release|Any CPU.Build.0 = Release|Any CPU
	EndGlobalSection
	GlobalSection(SolutionProperties) = preSolution
		HideSolutionNode = FALSE
	EndGlobalSection
	GlobalSection(NestedProjects) = preSolution
		{374BAAE8-4959-4021-97F5-7981CDEF3277} = {23859417-D1E4-4275-AAC4-58E0CCEFD9E5}
		{3DAB483D-74CD-4DEC-BBD7-3EF29DC7B3D7} = {23859417-D1E4-4275-AAC4-58E0CCEFD9E5}
		{A7016020-0650-4546-A8B9-C60465A0D6B5} = {8D69E17D-5700-4203-A0DB-7630EF99BF1E}
		{B51BC795-7B1E-42EC-8DA1-79B74058172B} = {8D69E17D-5700-4203-A0DB-7630EF99BF1E}
		{5C24CB5C-B911-4DB9-B053-43EF43E4B802} = {5CD2D016-E394-43F5-9A3A-72FCBCB7977A}
		{AC553BD0-8609-48D5-8B40-75DB9E7FECC6} = {5CD2D016-E394-43F5-9A3A-72FCBCB7977A}
	EndGlobalSection
	GlobalSection(ExtensibilityGlobals) = postSolution
		SolutionGuid = {B5520F09-A9F8-46D3-A09E-C53F49AC2EDC}
	EndGlobalSection
EndGlobal
